
Microsoft Visual Studio Solution File, Format Version 12.00
# Visual Studio Version 17
VisualStudioVersion = 17.7.34018.315
MinimumVisualStudioVersion = 10.0.40219.1
Project("{2150E333-8FDC-42A3-9474-1A3956D46DE8}") = "01.Api.Gateways", "01.Api.Gateways", "{F8AF3F4E-465D-466D-B74E-81D951CC9271}"
EndProject
Project("{2150E333-8FDC-42A3-9474-1A3956D46DE8}") = "02.Api.Services", "02.Api.Services", "{138BFC7F-B1B6-4848-9163-878A7B97A451}"
EndProject
Project("{9A19103F-16F7-4668-BE54-9A1E7A4F7556}") = "Api.Gateways", "Api.Gateways\Api.Gateways.csproj", "{BA01DD45-1E75-4457-A018-EF0254EF70E3}"
EndProject
Project("{9A19103F-16F7-4668-BE54-9A1E7A4F7556}") = "Jwt.AuthenticationManagen", "Jwt.AuthenticationManagen\Jwt.AuthenticationManagen.csproj", "{1E617186-42D8-48DF-BD3A-973AF1297AE8}"
EndProject
Project("{2150E333-8FDC-42A3-9474-1A3956D46DE8}") = "04.Domain", "04.Domain", "{8B664879-24A1-48AA-8488-A99B0886B020}"
EndProject
Project("{2150E333-8FDC-42A3-9474-1A3956D46DE8}") = "05.Persistence", "05.Persistence", "{78E7395B-B2C1-49B3-8AC3-52ED83596B0B}"
EndProject
Project("{2150E333-8FDC-42A3-9474-1A3956D46DE8}") = "03.Common", "03.Common", "{82A5A5FC-834D-4CC6-A029-A359A369928A}"
EndProject
Project("{9A19103F-16F7-4668-BE54-9A1E7A4F7556}") = "Silac.Domain", "Donalab.Domain\Silac.Domain.csproj", "{47E693E1-BB7A-4DE0-8757-9BA433D73F0F}"
EndProject
Project("{2150E333-8FDC-42A3-9474-1A3956D46DE8}") = "01.Security", "01.Security", "{D4B76768-2E95-48BE-90FF-C1CF2FC53831}"
EndProject
Project("{9A19103F-16F7-4668-BE54-9A1E7A4F7556}") = "Security.Service.EventHandlers", "Api.Service\Security\Security.Service.EventHandlers\Security.Service.EventHandlers.csproj", "{5BB8D18C-6B9E-49D3-99B8-51426A800A95}"
EndProject
Project("{9A19103F-16F7-4668-BE54-9A1E7A4F7556}") = "Security.Service.Queries", "Api.Service\Security\Security.Service.Queries\Security.Service.Queries.csproj", "{D70DA03F-B506-4934-8BE5-3795011E27CB}"
EndProject
Project("{9A19103F-16F7-4668-BE54-9A1E7A4F7556}") = "Common.Config", "Common.Config\Common.Config.csproj", "{B852E2F5-066D-4E8E-AF9D-F58D084CDA83}"
EndProject
Project("{9A19103F-16F7-4668-BE54-9A1E7A4F7556}") = "Common.Logging", "Common.Logging\Common.Logging.csproj", "{4E9FAB0C-C2C7-48B6-AA69-8AD3867AD592}"
EndProject
Project("{9A19103F-16F7-4668-BE54-9A1E7A4F7556}") = "Common.Utility", "Common.Utility\Common.Utility.csproj", "{17B91471-EFCC-4C8C-B4A7-C9E82D130023}"
EndProject
Project("{9A19103F-16F7-4668-BE54-9A1E7A4F7556}") = "Persistence.Database", "Persistence.Database\Persistence.Database.csproj", "{51A508B6-A76D-491C-ADA2-496600066A65}"
EndProject
Project("{2150E333-8FDC-42A3-9474-1A3956D46DE8}") = "03.Tracking", "03.Tracking", "{D434CFB0-12B8-4B46-BFF0-1F85FD11177D}"
EndProject
Project("{2150E333-8FDC-42A3-9474-1A3956D46DE8}") = "04.QualityControl", "04.QualityControl", "{E6A7A875-58D8-47F3-A7EC-BEA4570E891A}"
EndProject
Project("{2150E333-8FDC-42A3-9474-1A3956D46DE8}") = "05.Configuration", "05.Configuration", "{523D71E0-0AB7-47CB-833B-0022902528A6}"
EndProject
Project("{9A19103F-16F7-4668-BE54-9A1E7A4F7556}") = "Configuration.Api", "Api.Service\Configuration\Configuration.Api\Configuration.Api.csproj", "{1CD56298-601B-46DC-92A7-A189897C0DF4}"
EndProject
Project("{9A19103F-16F7-4668-BE54-9A1E7A4F7556}") = "Configuration.Service.EventHandlers", "Api.Service\Configuration\Configuration.EventHandlers\Configuration.Service.EventHandlers.csproj", "{EF1C0C95-EF9E-408A-8E89-2B9A9180BDE4}"
EndProject
Project("{9A19103F-16F7-4668-BE54-9A1E7A4F7556}") = "Configuration.Service.Queries", "Api.Service\Configuration\Configuration.Queries\Configuration.Service.Queries.csproj", "{81EB061C-AEBE-4253-8863-E09FD833FF8D}"
EndProject
Project("{2150E333-8FDC-42A3-9474-1A3956D46DE8}") = "02.Laboratory", "02.Laboratory", "{AAAC0D8A-3E1E-4D0B-A6E7-D879BB0A6203}"
EndProject
Project("{9A19103F-16F7-4668-BE54-9A1E7A4F7556}") = "Laboratory.Service.EventHandlers", "Api.Service\Laboratory\Laboratory.EventHandlers\Laboratory.Service.EventHandlers.csproj", "{55CFDBBA-9B8B-4F36-8B14-1766E3D671FB}"
EndProject
Project("{9A19103F-16F7-4668-BE54-9A1E7A4F7556}") = "Laboratory.Service.Queries", "Api.Service\Laboratory\Laboratory.Queries\Laboratory.Service.Queries.csproj", "{86EC5304-0701-435E-8787-7C981130B4FC}"
EndProject
Project("{9A19103F-16F7-4668-BE54-9A1E7A4F7556}") = "Laboratory.Api", "Api.Service\Laboratory\Laboratory.Api\Laboratory.Api.csproj", "{81FFCF22-25AE-4F78-AB93-24FF62F35796}"
EndProject
Project("{9A19103F-16F7-4668-BE54-9A1E7A4F7556}") = "Security.Api", "Api.Service\Security\Security.Api\Security.Api.csproj", "{8FDB31AD-3232-4B9A-A30D-89190A566412}"
EndProject
Project("{2150E333-8FDC-42A3-9474-1A3956D46DE8}") = "06.Report", "06.Report", "{3901D3AF-C729-4B5C-B53B-55F054017367}"
EndProject
Project("{FAE04EC0-301F-11D3-BF4B-00C04F79EFBC}") = "Report", "Report\Report.csproj", "{B14488DC-7E12-4D3C-8F30-B856E05898EC}"
EndProject
Project("{2150E333-8FDC-42A3-9474-1A3956D46DE8}") = "06.Report", "06.Report", "{32272FD3-BC77-4DD2-B7AC-08F34321E905}"
EndProject
Project("{9A19103F-16F7-4668-BE54-9A1E7A4F7556}") = "Report.Api", "Api.Service\Report\Report.Api\Report.Api.csproj", "{4748818B-312F-44D2-A955-FD86B34CCE98}"
EndProject
Project("{9A19103F-16F7-4668-BE54-9A1E7A4F7556}") = "Report.Service.Queries", "Api.Service\Report\Report.Service.Queries\Report.Service.Queries.csproj", "{CF8F54C3-F19F-43E3-B113-EEB899094242}"
EndProject
Project("{9A19103F-16F7-4668-BE54-9A1E7A4F7556}") = "QualityControl.Api", "Api.Service\QualityControl\QualityControl.Api\QualityControl.Api.csproj", "{D83B5AA7-435D-47BC-BF20-2CA11DEA44EF}"
EndProject
Project("{9A19103F-16F7-4668-BE54-9A1E7A4F7556}") = "Tracking.Api", "Api.Service\Tracking\Tracking.Api\Tracking.Api.csproj", "{A68650F4-969F-4F6A-A6B6-5A746185BC1D}"
EndProject
Project("{9A19103F-16F7-4668-BE54-9A1E7A4F7556}") = "Tracking.Service.Queries", "Api.Service\Tracking\Tracking.Service.Queries\Tracking.Service.Queries.csproj", "{D15ED813-6ADA-42A2-8BF9-889F3512748F}"
EndProject
Project("{9A19103F-16F7-4668-BE54-9A1E7A4F7556}") = "QualityControl.Service.Queries", "Api.Service\QualityControl\QualityControl.Service.Queries\QualityControl.Service.Queries.csproj", "{E16EDD76-D437-4E9E-9061-B5BBD2D16EBC}"
EndProject
Project("{9A19103F-16F7-4668-BE54-9A1E7A4F7556}") = "QualityControl.Service.EventHandlers", "Api.Service\QualityControl\QualityControl.Service.EventHandlers\QualityControl.Service.EventHandlers.csproj", "{05B26569-DA13-485D-9395-719C4FD88F7B}"
EndProject
Project("{2150E333-8FDC-42A3-9474-1A3956D46DE8}") = "07.ExternalService", "07.ExternalService", "{663F1E4D-E2F0-43D8-A718-F9B6E8B1B9DE}"
EndProject
Project("{FAE04EC0-301F-11D3-BF4B-00C04F79EFBC}") = "External.Service", "External.Service\External.Service.csproj", "{58146963-10A3-4947-AC1D-748D89B4E1B2}"
EndProject
Global
	GlobalSection(SolutionConfigurationPlatforms) = preSolution
		Debug|Any CPU = Debug|Any CPU
		Release|Any CPU = Release|Any CPU
	EndGlobalSection
	GlobalSection(ProjectConfigurationPlatforms) = postSolution
		{BA01DD45-1E75-4457-A018-EF0254EF70E3}.Debug|Any CPU.ActiveCfg = Debug|Any CPU
		{BA01DD45-1E75-4457-A018-EF0254EF70E3}.Debug|Any CPU.Build.0 = Debug|Any CPU
		{BA01DD45-1E75-4457-A018-EF0254EF70E3}.Release|Any CPU.ActiveCfg = Release|Any CPU
		{BA01DD45-1E75-4457-A018-EF0254EF70E3}.Release|Any CPU.Build.0 = Release|Any CPU
		{1E617186-42D8-48DF-BD3A-973AF1297AE8}.Debug|Any CPU.ActiveCfg = Debug|Any CPU
		{1E617186-42D8-48DF-BD3A-973AF1297AE8}.Debug|Any CPU.Build.0 = Debug|Any CPU
		{1E617186-42D8-48DF-BD3A-973AF1297AE8}.Release|Any CPU.ActiveCfg = Release|Any CPU
		{1E617186-42D8-48DF-BD3A-973AF1297AE8}.Release|Any CPU.Build.0 = Release|Any CPU
		{47E693E1-BB7A-4DE0-8757-9BA433D73F0F}.Debug|Any CPU.ActiveCfg = Debug|Any CPU
		{47E693E1-BB7A-4DE0-8757-9BA433D73F0F}.Debug|Any CPU.Build.0 = Debug|Any CPU
		{47E693E1-BB7A-4DE0-8757-9BA433D73F0F}.Release|Any CPU.ActiveCfg = Release|Any CPU
		{47E693E1-BB7A-4DE0-8757-9BA433D73F0F}.Release|Any CPU.Build.0 = Release|Any CPU
		{5BB8D18C-6B9E-49D3-99B8-51426A800A95}.Debug|Any CPU.ActiveCfg = Debug|Any CPU
		{5BB8D18C-6B9E-49D3-99B8-51426A800A95}.Debug|Any CPU.Build.0 = Debug|Any CPU
		{5BB8D18C-6B9E-49D3-99B8-51426A800A95}.Release|Any CPU.ActiveCfg = Release|Any CPU
		{5BB8D18C-6B9E-49D3-99B8-51426A800A95}.Release|Any CPU.Build.0 = Release|Any CPU
		{D70DA03F-B506-4934-8BE5-3795011E27CB}.Debug|Any CPU.ActiveCfg = Debug|Any CPU
		{D70DA03F-B506-4934-8BE5-3795011E27CB}.Debug|Any CPU.Build.0 = Debug|Any CPU
		{D70DA03F-B506-4934-8BE5-3795011E27CB}.Release|Any CPU.ActiveCfg = Release|Any CPU
		{D70DA03F-B506-4934-8BE5-3795011E27CB}.Release|Any CPU.Build.0 = Release|Any CPU
		{B852E2F5-066D-4E8E-AF9D-F58D084CDA83}.Debug|Any CPU.ActiveCfg = Debug|Any CPU
		{B852E2F5-066D-4E8E-AF9D-F58D084CDA83}.Debug|Any CPU.Build.0 = Debug|Any CPU
		{B852E2F5-066D-4E8E-AF9D-F58D084CDA83}.Release|Any CPU.ActiveCfg = Release|Any CPU
		{B852E2F5-066D-4E8E-AF9D-F58D084CDA83}.Release|Any CPU.Build.0 = Release|Any CPU
		{4E9FAB0C-C2C7-48B6-AA69-8AD3867AD592}.Debug|Any CPU.ActiveCfg = Debug|Any CPU
		{4E9FAB0C-C2C7-48B6-AA69-8AD3867AD592}.Debug|Any CPU.Build.0 = Debug|Any CPU
		{4E9FAB0C-C2C7-48B6-AA69-8AD3867AD592}.Release|Any CPU.ActiveCfg = Release|Any CPU
		{4E9FAB0C-C2C7-48B6-AA69-8AD3867AD592}.Release|Any CPU.Build.0 = Release|Any CPU
		{17B91471-EFCC-4C8C-B4A7-C9E82D130023}.Debug|Any CPU.ActiveCfg = Debug|Any CPU
		{17B91471-EFCC-4C8C-B4A7-C9E82D130023}.Debug|Any CPU.Build.0 = Debug|Any CPU
		{17B91471-EFCC-4C8C-B4A7-C9E82D130023}.Release|Any CPU.ActiveCfg = Release|Any CPU
		{17B91471-EFCC-4C8C-B4A7-C9E82D130023}.Release|Any CPU.Build.0 = Release|Any CPU
		{51A508B6-A76D-491C-ADA2-496600066A65}.Debug|Any CPU.ActiveCfg = Debug|Any CPU
		{51A508B6-A76D-491C-ADA2-496600066A65}.Debug|Any CPU.Build.0 = Debug|Any CPU
		{51A508B6-A76D-491C-ADA2-496600066A65}.Release|Any CPU.ActiveCfg = Release|Any CPU
		{51A508B6-A76D-491C-ADA2-496600066A65}.Release|Any CPU.Build.0 = Release|Any CPU
		{1CD56298-601B-46DC-92A7-A189897C0DF4}.Debug|Any CPU.ActiveCfg = Debug|Any CPU
		{1CD56298-601B-46DC-92A7-A189897C0DF4}.Debug|Any CPU.Build.0 = Debug|Any CPU
		{1CD56298-601B-46DC-92A7-A189897C0DF4}.Release|Any CPU.ActiveCfg = Release|Any CPU
		{1CD56298-601B-46DC-92A7-A189897C0DF4}.Release|Any CPU.Build.0 = Release|Any CPU
		{EF1C0C95-EF9E-408A-8E89-2B9A9180BDE4}.Debug|Any CPU.ActiveCfg = Debug|Any CPU
		{EF1C0C95-EF9E-408A-8E89-2B9A9180BDE4}.Debug|Any CPU.Build.0 = Debug|Any CPU
		{EF1C0C95-EF9E-408A-8E89-2B9A9180BDE4}.Release|Any CPU.ActiveCfg = Release|Any CPU
		{EF1C0C95-EF9E-408A-8E89-2B9A9180BDE4}.Release|Any CPU.Build.0 = Release|Any CPU
		{81EB061C-AEBE-4253-8863-E09FD833FF8D}.Debug|Any CPU.ActiveCfg = Debug|Any CPU
		{81EB061C-AEBE-4253-8863-E09FD833FF8D}.Debug|Any CPU.Build.0 = Debug|Any CPU
		{81EB061C-AEBE-4253-8863-E09FD833FF8D}.Release|Any CPU.ActiveCfg = Release|Any CPU
		{81EB061C-AEBE-4253-8863-E09FD833FF8D}.Release|Any CPU.Build.0 = Release|Any CPU
		{55CFDBBA-9B8B-4F36-8B14-1766E3D671FB}.Debug|Any CPU.ActiveCfg = Debug|Any CPU
		{55CFDBBA-9B8B-4F36-8B14-1766E3D671FB}.Debug|Any CPU.Build.0 = Debug|Any CPU
		{55CFDBBA-9B8B-4F36-8B14-1766E3D671FB}.Release|Any CPU.ActiveCfg = Release|Any CPU
		{55CFDBBA-9B8B-4F36-8B14-1766E3D671FB}.Release|Any CPU.Build.0 = Release|Any CPU
		{86EC5304-0701-435E-8787-7C981130B4FC}.Debug|Any CPU.ActiveCfg = Debug|Any CPU
		{86EC5304-0701-435E-8787-7C981130B4FC}.Debug|Any CPU.Build.0 = Debug|Any CPU
		{86EC5304-0701-435E-8787-7C981130B4FC}.Release|Any CPU.ActiveCfg = Release|Any CPU
		{86EC5304-0701-435E-8787-7C981130B4FC}.Release|Any CPU.Build.0 = Release|Any CPU
		{81FFCF22-25AE-4F78-AB93-24FF62F35796}.Debug|Any CPU.ActiveCfg = Debug|Any CPU
		{81FFCF22-25AE-4F78-AB93-24FF62F35796}.Debug|Any CPU.Build.0 = Debug|Any CPU
		{81FFCF22-25AE-4F78-AB93-24FF62F35796}.Release|Any CPU.ActiveCfg = Release|Any CPU
		{81FFCF22-25AE-4F78-AB93-24FF62F35796}.Release|Any CPU.Build.0 = Release|Any CPU
		{8FDB31AD-3232-4B9A-A30D-89190A566412}.Debug|Any CPU.ActiveCfg = Debug|Any CPU
		{8FDB31AD-3232-4B9A-A30D-89190A566412}.Debug|Any CPU.Build.0 = Debug|Any CPU
		{8FDB31AD-3232-4B9A-A30D-89190A566412}.Release|Any CPU.ActiveCfg = Release|Any CPU
		{8FDB31AD-3232-4B9A-A30D-89190A566412}.Release|Any CPU.Build.0 = Release|Any CPU
		{B14488DC-7E12-4D3C-8F30-B856E05898EC}.Debug|Any CPU.ActiveCfg = Debug|Any CPU
		{B14488DC-7E12-4D3C-8F30-B856E05898EC}.Debug|Any CPU.Build.0 = Debug|Any CPU
		{B14488DC-7E12-4D3C-8F30-B856E05898EC}.Release|Any CPU.ActiveCfg = Release|Any CPU
		{B14488DC-7E12-4D3C-8F30-B856E05898EC}.Release|Any CPU.Build.0 = Release|Any CPU
		{4748818B-312F-44D2-A955-FD86B34CCE98}.Debug|Any CPU.ActiveCfg = Debug|Any CPU
		{4748818B-312F-44D2-A955-FD86B34CCE98}.Debug|Any CPU.Build.0 = Debug|Any CPU
		{4748818B-312F-44D2-A955-FD86B34CCE98}.Release|Any CPU.ActiveCfg = Release|Any CPU
		{4748818B-312F-44D2-A955-FD86B34CCE98}.Release|Any CPU.Build.0 = Release|Any CPU
		{CF8F54C3-F19F-43E3-B113-EEB899094242}.Debug|Any CPU.ActiveCfg = Debug|Any CPU
		{CF8F54C3-F19F-43E3-B113-EEB899094242}.Debug|Any CPU.Build.0 = Debug|Any CPU
		{CF8F54C3-F19F-43E3-B113-EEB899094242}.Release|Any CPU.ActiveCfg = Release|Any CPU
		{CF8F54C3-F19F-43E3-B113-EEB899094242}.Release|Any CPU.Build.0 = Release|Any CPU
		{D83B5AA7-435D-47BC-BF20-2CA11DEA44EF}.Debug|Any CPU.ActiveCfg = Debug|Any CPU
		{D83B5AA7-435D-47BC-BF20-2CA11DEA44EF}.Debug|Any CPU.Build.0 = Debug|Any CPU
		{D83B5AA7-435D-47BC-BF20-2CA11DEA44EF}.Release|Any CPU.ActiveCfg = Release|Any CPU
		{D83B5AA7-435D-47BC-BF20-2CA11DEA44EF}.Release|Any CPU.Build.0 = Release|Any CPU
		{A68650F4-969F-4F6A-A6B6-5A746185BC1D}.Debug|Any CPU.ActiveCfg = Debug|Any CPU
		{A68650F4-969F-4F6A-A6B6-5A746185BC1D}.Debug|Any CPU.Build.0 = Debug|Any CPU
		{A68650F4-969F-4F6A-A6B6-5A746185BC1D}.Release|Any CPU.ActiveCfg = Release|Any CPU
		{A68650F4-969F-4F6A-A6B6-5A746185BC1D}.Release|Any CPU.Build.0 = Release|Any CPU
		{D15ED813-6ADA-42A2-8BF9-889F3512748F}.Debug|Any CPU.ActiveCfg = Debug|Any CPU
		{D15ED813-6ADA-42A2-8BF9-889F3512748F}.Debug|Any CPU.Build.0 = Debug|Any CPU
		{D15ED813-6ADA-42A2-8BF9-889F3512748F}.Release|Any CPU.ActiveCfg = Release|Any CPU
		{D15ED813-6ADA-42A2-8BF9-889F3512748F}.Release|Any CPU.Build.0 = Release|Any CPU
		{E16EDD76-D437-4E9E-9061-B5BBD2D16EBC}.Debug|Any CPU.ActiveCfg = Debug|Any CPU
		{E16EDD76-D437-4E9E-9061-B5BBD2D16EBC}.Debug|Any CPU.Build.0 = Debug|Any CPU
		{E16EDD76-D437-4E9E-9061-B5BBD2D16EBC}.Release|Any CPU.ActiveCfg = Release|Any CPU
		{E16EDD76-D437-4E9E-9061-B5BBD2D16EBC}.Release|Any CPU.Build.0 = Release|Any CPU
		{05B26569-DA13-485D-9395-719C4FD88F7B}.Debug|Any CPU.ActiveCfg = Debug|Any CPU
		{05B26569-DA13-485D-9395-719C4FD88F7B}.Debug|Any CPU.Build.0 = Debug|Any CPU
		{05B26569-DA13-485D-9395-719C4FD88F7B}.Release|Any CPU.ActiveCfg = Release|Any CPU
		{05B26569-DA13-485D-9395-719C4FD88F7B}.Release|Any CPU.Build.0 = Release|Any CPU
		{58146963-10A3-4947-AC1D-748D89B4E1B2}.Debug|Any CPU.ActiveCfg = Debug|Any CPU
		{58146963-10A3-4947-AC1D-748D89B4E1B2}.Debug|Any CPU.Build.0 = Debug|Any CPU
		{58146963-10A3-4947-AC1D-748D89B4E1B2}.Release|Any CPU.ActiveCfg = Release|Any CPU
		{58146963-10A3-4947-AC1D-748D89B4E1B2}.Release|Any CPU.Build.0 = Release|Any CPU
	EndGlobalSection
	GlobalSection(SolutionProperties) = preSolution
		HideSolutionNode = FALSE
	EndGlobalSection
	GlobalSection(NestedProjects) = preSolution
		{BA01DD45-1E75-4457-A018-EF0254EF70E3} = {F8AF3F4E-465D-466D-B74E-81D951CC9271}
		{1E617186-42D8-48DF-BD3A-973AF1297AE8} = {F8AF3F4E-465D-466D-B74E-81D951CC9271}
		{47E693E1-BB7A-4DE0-8757-9BA433D73F0F} = {8B664879-24A1-48AA-8488-A99B0886B020}
		{D4B76768-2E95-48BE-90FF-C1CF2FC53831} = {138BFC7F-B1B6-4848-9163-878A7B97A451}
		{5BB8D18C-6B9E-49D3-99B8-51426A800A95} = {D4B76768-2E95-48BE-90FF-C1CF2FC53831}
		{D70DA03F-B506-4934-8BE5-3795011E27CB} = {D4B76768-2E95-48BE-90FF-C1CF2FC53831}
		{B852E2F5-066D-4E8E-AF9D-F58D084CDA83} = {82A5A5FC-834D-4CC6-A029-A359A369928A}
		{4E9FAB0C-C2C7-48B6-AA69-8AD3867AD592} = {82A5A5FC-834D-4CC6-A029-A359A369928A}
		{17B91471-EFCC-4C8C-B4A7-C9E82D130023} = {82A5A5FC-834D-4CC6-A029-A359A369928A}
		{51A508B6-A76D-491C-ADA2-496600066A65} = {78E7395B-B2C1-49B3-8AC3-52ED83596B0B}
		{D434CFB0-12B8-4B46-BFF0-1F85FD11177D} = {138BFC7F-B1B6-4848-9163-878A7B97A451}
		{E6A7A875-58D8-47F3-A7EC-BEA4570E891A} = {138BFC7F-B1B6-4848-9163-878A7B97A451}
		{523D71E0-0AB7-47CB-833B-0022902528A6} = {138BFC7F-B1B6-4848-9163-878A7B97A451}
		{1CD56298-601B-46DC-92A7-A189897C0DF4} = {523D71E0-0AB7-47CB-833B-0022902528A6}
		{EF1C0C95-EF9E-408A-8E89-2B9A9180BDE4} = {523D71E0-0AB7-47CB-833B-0022902528A6}
		{81EB061C-AEBE-4253-8863-E09FD833FF8D} = {523D71E0-0AB7-47CB-833B-0022902528A6}
		{AAAC0D8A-3E1E-4D0B-A6E7-D879BB0A6203} = {138BFC7F-B1B6-4848-9163-878A7B97A451}
		{55CFDBBA-9B8B-4F36-8B14-1766E3D671FB} = {AAAC0D8A-3E1E-4D0B-A6E7-D879BB0A6203}
		{86EC5304-0701-435E-8787-7C981130B4FC} = {AAAC0D8A-3E1E-4D0B-A6E7-D879BB0A6203}
		{81FFCF22-25AE-4F78-AB93-24FF62F35796} = {AAAC0D8A-3E1E-4D0B-A6E7-D879BB0A6203}
		{8FDB31AD-3232-4B9A-A30D-89190A566412} = {D4B76768-2E95-48BE-90FF-C1CF2FC53831}
		{B14488DC-7E12-4D3C-8F30-B856E05898EC} = {3901D3AF-C729-4B5C-B53B-55F054017367}
		{32272FD3-BC77-4DD2-B7AC-08F34321E905} = {138BFC7F-B1B6-4848-9163-878A7B97A451}
		{4748818B-312F-44D2-A955-FD86B34CCE98} = {32272FD3-BC77-4DD2-B7AC-08F34321E905}
		{CF8F54C3-F19F-43E3-B113-EEB899094242} = {32272FD3-BC77-4DD2-B7AC-08F34321E905}
		{D83B5AA7-435D-47BC-BF20-2CA11DEA44EF} = {E6A7A875-58D8-47F3-A7EC-BEA4570E891A}
		{A68650F4-969F-4F6A-A6B6-5A746185BC1D} = {D434CFB0-12B8-4B46-BFF0-1F85FD11177D}
		{D15ED813-6ADA-42A2-8BF9-889F3512748F} = {D434CFB0-12B8-4B46-BFF0-1F85FD11177D}
		{E16EDD76-D437-4E9E-9061-B5BBD2D16EBC} = {E6A7A875-58D8-47F3-A7EC-BEA4570E891A}
		{05B26569-DA13-485D-9395-719C4FD88F7B} = {E6A7A875-58D8-47F3-A7EC-BEA4570E891A}
		{58146963-10A3-4947-AC1D-748D89B4E1B2} = {663F1E4D-E2F0-43D8-A718-F9B6E8B1B9DE}
	EndGlobalSection
	GlobalSection(ExtensibilityGlobals) = postSolution
		SolutionGuid = {AE40F6E1-9B98-4875-BDAC-25AD13717AE5}
	EndGlobalSection
EndGlobal
